
Microsoft Visual Studio Solution File, Format Version 12.00
# Visual Studio 14
VisualStudioVersion = 14.0.22310.1
MinimumVisualStudioVersion = 10.0.40219.1
Project("{FAE04EC0-301F-11D3-BF4B-00C04F79EFBC}") = "Control_Nutricional", "Control_Nutricional\Control_Nutricional.csproj", "{F3556969-EB8B-442D-B24B-2AFC497BF1DD}"
EndProject
Global
	GlobalSection(SolutionConfigurationPlatforms) = preSolution
		Debug|Any CPU = Debug|Any CPU
		Release|Any CPU = Release|Any CPU
	EndGlobalSection
	GlobalSection(ProjectConfigurationPlatforms) = postSolution
		{F3556969-EB8B-442D-B24B-2AFC497BF1DD}.Debug|Any CPU.ActiveCfg = Debug|Any CPU
		{F3556969-EB8B-442D-B24B-2AFC497BF1DD}.Debug|Any CPU.Build.0 = Debug|Any CPU
		{F3556969-EB8B-442D-B24B-2AFC497BF1DD}.Release|Any CPU.ActiveCfg = Release|Any CPU
		{F3556969-EB8B-442D-B24B-2AFC497BF1DD}.Release|Any CPU.Build.0 = Release|Any CPU
	EndGlobalSection
	GlobalSection(SolutionProperties) = preSolution
		HideSolutionNode = FALSE
	EndGlobalSection
EndGlobal
